// !$*UTF8*$!
{
	archiveVersion = 1;
	classes = {
	};
	objectVersion = 56;
	objects = {

/* Begin PBXBuildFile section */
		84E6A60A2A63DB1A002BC362 /* AppDelegate.swift in Sources */ = {isa = PBXBuildFile; fileRef = 84E6A6092A63DB1A002BC362 /* AppDelegate.swift */; };
		84E6A60E2A63DB1A002BC362 /* ViewController.swift in Sources */ = {isa = PBXBuildFile; fileRef = 84E6A60D2A63DB1A002BC362 /* ViewController.swift */; };
		84E6A6112A63DB1A002BC362 /* Main.storyboard in Resources */ = {isa = PBXBuildFile; fileRef = 84E6A60F2A63DB1A002BC362 /* Main.storyboard */; };
		84E6A6132A63DB1C002BC362 /* Assets.xcassets in Resources */ = {isa = PBXBuildFile; fileRef = 84E6A6122A63DB1C002BC362 /* Assets.xcassets */; };
		84E6A6162A63DB1C002BC362 /* LaunchScreen.storyboard in Resources */ = {isa = PBXBuildFile; fileRef = 84E6A6142A63DB1C002BC362 /* LaunchScreen.storyboard */; };
		84E6A6212A63DB1C002BC362 /* MoviesPlusTests.swift in Sources */ = {isa = PBXBuildFile; fileRef = 84E6A6202A63DB1C002BC362 /* MoviesPlusTests.swift */; };
		84E6A62B2A63DB1C002BC362 /* MoviesPlusUITests.swift in Sources */ = {isa = PBXBuildFile; fileRef = 84E6A62A2A63DB1C002BC362 /* MoviesPlusUITests.swift */; };
		84E6A62D2A63DB1C002BC362 /* MoviesPlusUITestsLaunchTests.swift in Sources */ = {isa = PBXBuildFile; fileRef = 84E6A62C2A63DB1C002BC362 /* MoviesPlusUITestsLaunchTests.swift */; };
		84E6A6442A63DDB3002BC362 /* ApiClient.swift in Sources */ = {isa = PBXBuildFile; fileRef = 84E6A63D2A63DDB3002BC362 /* ApiClient.swift */; };
		84E6A6452A63DDB3002BC362 /* ApiRouterContract.swift in Sources */ = {isa = PBXBuildFile; fileRef = 84E6A63F2A63DDB3002BC362 /* ApiRouterContract.swift */; };
		84E6A6462A63DDB3002BC362 /* ApiStatusCode.swift in Sources */ = {isa = PBXBuildFile; fileRef = 84E6A6412A63DDB3002BC362 /* ApiStatusCode.swift */; };
		84E6A6472A63DDB3002BC362 /* ApiException.swift in Sources */ = {isa = PBXBuildFile; fileRef = 84E6A6422A63DDB3002BC362 /* ApiException.swift */; };
		84E6A6482A63DDB3002BC362 /* ApiConstants.swift in Sources */ = {isa = PBXBuildFile; fileRef = 84E6A6432A63DDB3002BC362 /* ApiConstants.swift */; };
		84E6A64B2A63DDDE002BC362 /* Alamofire in Frameworks */ = {isa = PBXBuildFile; productRef = 84E6A64A2A63DDDE002BC362 /* Alamofire */; };
		84E6A64E2A63DDF7002BC362 /* AlamofireImage in Frameworks */ = {isa = PBXBuildFile; productRef = 84E6A64D2A63DDF7002BC362 /* AlamofireImage */; };
		84E6A6512A63E018002BC362 /* DictionaryExtension.swift in Sources */ = {isa = PBXBuildFile; fileRef = 84E6A6502A63E017002BC362 /* DictionaryExtension.swift */; };
		84E6A6542A63E2E5002BC362 /* Bindable.swift in Sources */ = {isa = PBXBuildFile; fileRef = 84E6A6532A63E2E5002BC362 /* Bindable.swift */; };
/* End PBXBuildFile section */

/* Begin PBXContainerItemProxy section */
		84E6A61D2A63DB1C002BC362 /* PBXContainerItemProxy */ = {
			isa = PBXContainerItemProxy;
			containerPortal = 84E6A5FE2A63DB1A002BC362 /* Project object */;
			proxyType = 1;
			remoteGlobalIDString = 84E6A6052A63DB1A002BC362;
			remoteInfo = MoviesPlus;
		};
		84E6A6272A63DB1C002BC362 /* PBXContainerItemProxy */ = {
			isa = PBXContainerItemProxy;
			containerPortal = 84E6A5FE2A63DB1A002BC362 /* Project object */;
			proxyType = 1;
			remoteGlobalIDString = 84E6A6052A63DB1A002BC362;
			remoteInfo = MoviesPlus;
		};
/* End PBXContainerItemProxy section */

/* Begin PBXFileReference section */
		84E6A6062A63DB1A002BC362 /* MoviesPlus.app */ = {isa = PBXFileReference; explicitFileType = wrapper.application; includeInIndex = 0; path = MoviesPlus.app; sourceTree = BUILT_PRODUCTS_DIR; };
		84E6A6092A63DB1A002BC362 /* AppDelegate.swift */ = {isa = PBXFileReference; lastKnownFileType = sourcecode.swift; path = AppDelegate.swift; sourceTree = "<group>"; };
		84E6A60D2A63DB1A002BC362 /* ViewController.swift */ = {isa = PBXFileReference; lastKnownFileType = sourcecode.swift; path = ViewController.swift; sourceTree = "<group>"; };
		84E6A6102A63DB1A002BC362 /* Base */ = {isa = PBXFileReference; lastKnownFileType = file.storyboard; name = Base; path = Base.lproj/Main.storyboard; sourceTree = "<group>"; };
		84E6A6122A63DB1C002BC362 /* Assets.xcassets */ = {isa = PBXFileReference; lastKnownFileType = folder.assetcatalog; path = Assets.xcassets; sourceTree = "<group>"; };
		84E6A6152A63DB1C002BC362 /* Base */ = {isa = PBXFileReference; lastKnownFileType = file.storyboard; name = Base; path = Base.lproj/LaunchScreen.storyboard; sourceTree = "<group>"; };
		84E6A6172A63DB1C002BC362 /* Info.plist */ = {isa = PBXFileReference; lastKnownFileType = text.plist.xml; path = Info.plist; sourceTree = "<group>"; };
		84E6A61C2A63DB1C002BC362 /* MoviesPlusTests.xctest */ = {isa = PBXFileReference; explicitFileType = wrapper.cfbundle; includeInIndex = 0; path = MoviesPlusTests.xctest; sourceTree = BUILT_PRODUCTS_DIR; };
		84E6A6202A63DB1C002BC362 /* MoviesPlusTests.swift */ = {isa = PBXFileReference; lastKnownFileType = sourcecode.swift; path = MoviesPlusTests.swift; sourceTree = "<group>"; };
		84E6A6262A63DB1C002BC362 /* MoviesPlusUITests.xctest */ = {isa = PBXFileReference; explicitFileType = wrapper.cfbundle; includeInIndex = 0; path = MoviesPlusUITests.xctest; sourceTree = BUILT_PRODUCTS_DIR; };
		84E6A62A2A63DB1C002BC362 /* MoviesPlusUITests.swift */ = {isa = PBXFileReference; lastKnownFileType = sourcecode.swift; path = MoviesPlusUITests.swift; sourceTree = "<group>"; };
		84E6A62C2A63DB1C002BC362 /* MoviesPlusUITestsLaunchTests.swift */ = {isa = PBXFileReference; lastKnownFileType = sourcecode.swift; path = MoviesPlusUITestsLaunchTests.swift; sourceTree = "<group>"; };
		84E6A63D2A63DDB3002BC362 /* ApiClient.swift */ = {isa = PBXFileReference; fileEncoding = 4; lastKnownFileType = sourcecode.swift; path = ApiClient.swift; sourceTree = "<group>"; };
		84E6A63F2A63DDB3002BC362 /* ApiRouterContract.swift */ = {isa = PBXFileReference; fileEncoding = 4; lastKnownFileType = sourcecode.swift; path = ApiRouterContract.swift; sourceTree = "<group>"; };
		84E6A6412A63DDB3002BC362 /* ApiStatusCode.swift */ = {isa = PBXFileReference; fileEncoding = 4; lastKnownFileType = sourcecode.swift; path = ApiStatusCode.swift; sourceTree = "<group>"; };
		84E6A6422A63DDB3002BC362 /* ApiException.swift */ = {isa = PBXFileReference; fileEncoding = 4; lastKnownFileType = sourcecode.swift; path = ApiException.swift; sourceTree = "<group>"; };
		84E6A6432A63DDB3002BC362 /* ApiConstants.swift */ = {isa = PBXFileReference; fileEncoding = 4; lastKnownFileType = sourcecode.swift; path = ApiConstants.swift; sourceTree = "<group>"; };
		84E6A6502A63E017002BC362 /* DictionaryExtension.swift */ = {isa = PBXFileReference; fileEncoding = 4; lastKnownFileType = sourcecode.swift; path = DictionaryExtension.swift; sourceTree = "<group>"; };
		84E6A6532A63E2E5002BC362 /* Bindable.swift */ = {isa = PBXFileReference; fileEncoding = 4; lastKnownFileType = sourcecode.swift; path = Bindable.swift; sourceTree = "<group>"; };
/* End PBXFileReference section */

/* Begin PBXFrameworksBuildPhase section */
		84E6A6032A63DB1A002BC362 /* Frameworks */ = {
			isa = PBXFrameworksBuildPhase;
			buildActionMask = 2147483647;
			files = (
				84E6A64B2A63DDDE002BC362 /* Alamofire in Frameworks */,
				84E6A64E2A63DDF7002BC362 /* AlamofireImage in Frameworks */,
			);
			runOnlyForDeploymentPostprocessing = 0;
		};
		84E6A6192A63DB1C002BC362 /* Frameworks */ = {
			isa = PBXFrameworksBuildPhase;
			buildActionMask = 2147483647;
			files = (
			);
			runOnlyForDeploymentPostprocessing = 0;
		};
		84E6A6232A63DB1C002BC362 /* Frameworks */ = {
			isa = PBXFrameworksBuildPhase;
			buildActionMask = 2147483647;
			files = (
			);
			runOnlyForDeploymentPostprocessing = 0;
		};
/* End PBXFrameworksBuildPhase section */

/* Begin PBXGroup section */
		84E6A5FD2A63DB1A002BC362 = {
			isa = PBXGroup;
			children = (
				84E6A6082A63DB1A002BC362 /* MoviesPlus */,
				84E6A61F2A63DB1C002BC362 /* MoviesPlusTests */,
				84E6A6292A63DB1C002BC362 /* MoviesPlusUITests */,
				84E6A6072A63DB1A002BC362 /* Products */,
			);
			sourceTree = "<group>";
		};
		84E6A6072A63DB1A002BC362 /* Products */ = {
			isa = PBXGroup;
			children = (
				84E6A6062A63DB1A002BC362 /* MoviesPlus.app */,
				84E6A61C2A63DB1C002BC362 /* MoviesPlusTests.xctest */,
				84E6A6262A63DB1C002BC362 /* MoviesPlusUITests.xctest */,
			);
			name = Products;
			sourceTree = "<group>";
		};
		84E6A6082A63DB1A002BC362 /* MoviesPlus */ = {
			isa = PBXGroup;
			children = (
				84E6A63B2A63DCE2002BC362 /* Common */,
				84E6A6392A63DB82002BC362 /* Main */,
				84E6A63A2A63DC0F002BC362 /* Storyboards */,
				84E6A60D2A63DB1A002BC362 /* ViewController.swift */,
			);
			path = MoviesPlus;
			sourceTree = "<group>";
		};
		84E6A61F2A63DB1C002BC362 /* MoviesPlusTests */ = {
			isa = PBXGroup;
			children = (
				84E6A6202A63DB1C002BC362 /* MoviesPlusTests.swift */,
			);
			path = MoviesPlusTests;
			sourceTree = "<group>";
		};
		84E6A6292A63DB1C002BC362 /* MoviesPlusUITests */ = {
			isa = PBXGroup;
			children = (
				84E6A62A2A63DB1C002BC362 /* MoviesPlusUITests.swift */,
				84E6A62C2A63DB1C002BC362 /* MoviesPlusUITestsLaunchTests.swift */,
			);
			path = MoviesPlusUITests;
			sourceTree = "<group>";
		};
		84E6A6392A63DB82002BC362 /* Main */ = {
			isa = PBXGroup;
			children = (
				84E6A6092A63DB1A002BC362 /* AppDelegate.swift */,
				84E6A6122A63DB1C002BC362 /* Assets.xcassets */,
				84E6A6172A63DB1C002BC362 /* Info.plist */,
			);
			path = Main;
			sourceTree = "<group>";
		};
		84E6A63A2A63DC0F002BC362 /* Storyboards */ = {
			isa = PBXGroup;
			children = (
				84E6A6142A63DB1C002BC362 /* LaunchScreen.storyboard */,
				84E6A60F2A63DB1A002BC362 /* Main.storyboard */,
			);
			path = Storyboards;
			sourceTree = "<group>";
		};
		84E6A63B2A63DCE2002BC362 /* Common */ = {
			isa = PBXGroup;
			children = (
				84E6A63C2A63DDB3002BC362 /* Api */,
				84E6A6522A63E2E5002BC362 /* Bindable */,
				84E6A64F2A63E017002BC362 /* Extensions */,
			);
			path = Common;
			sourceTree = "<group>";
		};
		84E6A63C2A63DDB3002BC362 /* Api */ = {
			isa = PBXGroup;
			children = (
				84E6A63D2A63DDB3002BC362 /* ApiClient.swift */,
				84E6A63E2A63DDB3002BC362 /* Contracts */,
				84E6A6402A63DDB3002BC362 /* Helpers */,
			);
			path = Api;
			sourceTree = "<group>";
		};
		84E6A63E2A63DDB3002BC362 /* Contracts */ = {
			isa = PBXGroup;
			children = (
				84E6A63F2A63DDB3002BC362 /* ApiRouterContract.swift */,
			);
			path = Contracts;
			sourceTree = "<group>";
		};
		84E6A6402A63DDB3002BC362 /* Helpers */ = {
			isa = PBXGroup;
			children = (
				84E6A6432A63DDB3002BC362 /* ApiConstants.swift */,
				84E6A6422A63DDB3002BC362 /* ApiException.swift */,
				84E6A6412A63DDB3002BC362 /* ApiStatusCode.swift */,
			);
			path = Helpers;
			sourceTree = "<group>";
		};
		84E6A64F2A63E017002BC362 /* Extensions */ = {
			isa = PBXGroup;
			children = (
				84E6A6502A63E017002BC362 /* DictionaryExtension.swift */,
			);
			path = Extensions;
			sourceTree = "<group>";
		};
		84E6A6522A63E2E5002BC362 /* Bindable */ = {
			isa = PBXGroup;
			children = (
				84E6A6532A63E2E5002BC362 /* Bindable.swift */,
			);
			path = Bindable;
			sourceTree = "<group>";
		};
/* End PBXGroup section */

/* Begin PBXNativeTarget section */
		84E6A6052A63DB1A002BC362 /* MoviesPlus */ = {
			isa = PBXNativeTarget;
			buildConfigurationList = 84E6A6302A63DB1C002BC362 /* Build configuration list for PBXNativeTarget "MoviesPlus" */;
			buildPhases = (
				84E6A6022A63DB1A002BC362 /* Sources */,
				84E6A6032A63DB1A002BC362 /* Frameworks */,
				84E6A6042A63DB1A002BC362 /* Resources */,
			);
			buildRules = (
			);
			dependencies = (
			);
			name = MoviesPlus;
			packageProductDependencies = (
				84E6A64A2A63DDDE002BC362 /* Alamofire */,
				84E6A64D2A63DDF7002BC362 /* AlamofireImage */,
			);
			productName = MoviesPlus;
			productReference = 84E6A6062A63DB1A002BC362 /* MoviesPlus.app */;
			productType = "com.apple.product-type.application";
		};
		84E6A61B2A63DB1C002BC362 /* MoviesPlusTests */ = {
			isa = PBXNativeTarget;
			buildConfigurationList = 84E6A6332A63DB1C002BC362 /* Build configuration list for PBXNativeTarget "MoviesPlusTests" */;
			buildPhases = (
				84E6A6182A63DB1C002BC362 /* Sources */,
				84E6A6192A63DB1C002BC362 /* Frameworks */,
				84E6A61A2A63DB1C002BC362 /* Resources */,
			);
			buildRules = (
			);
			dependencies = (
				84E6A61E2A63DB1C002BC362 /* PBXTargetDependency */,
			);
			name = MoviesPlusTests;
			productName = MoviesPlusTests;
			productReference = 84E6A61C2A63DB1C002BC362 /* MoviesPlusTests.xctest */;
			productType = "com.apple.product-type.bundle.unit-test";
		};
		84E6A6252A63DB1C002BC362 /* MoviesPlusUITests */ = {
			isa = PBXNativeTarget;
			buildConfigurationList = 84E6A6362A63DB1C002BC362 /* Build configuration list for PBXNativeTarget "MoviesPlusUITests" */;
			buildPhases = (
				84E6A6222A63DB1C002BC362 /* Sources */,
				84E6A6232A63DB1C002BC362 /* Frameworks */,
				84E6A6242A63DB1C002BC362 /* Resources */,
			);
			buildRules = (
			);
			dependencies = (
				84E6A6282A63DB1C002BC362 /* PBXTargetDependency */,
			);
			name = MoviesPlusUITests;
			productName = MoviesPlusUITests;
			productReference = 84E6A6262A63DB1C002BC362 /* MoviesPlusUITests.xctest */;
			productType = "com.apple.product-type.bundle.ui-testing";
		};
/* End PBXNativeTarget section */

/* Begin PBXProject section */
		84E6A5FE2A63DB1A002BC362 /* Project object */ = {
			isa = PBXProject;
			attributes = {
				BuildIndependentTargetsInParallel = 1;
				LastSwiftUpdateCheck = 1420;
				LastUpgradeCheck = 1420;
				TargetAttributes = {
					84E6A6052A63DB1A002BC362 = {
						CreatedOnToolsVersion = 14.2;
					};
					84E6A61B2A63DB1C002BC362 = {
						CreatedOnToolsVersion = 14.2;
						TestTargetID = 84E6A6052A63DB1A002BC362;
					};
					84E6A6252A63DB1C002BC362 = {
						CreatedOnToolsVersion = 14.2;
						TestTargetID = 84E6A6052A63DB1A002BC362;
					};
				};
			};
			buildConfigurationList = 84E6A6012A63DB1A002BC362 /* Build configuration list for PBXProject "MoviesPlus" */;
			compatibilityVersion = "Xcode 14.0";
			developmentRegion = en;
			hasScannedForEncodings = 0;
			knownRegions = (
				en,
				Base,
			);
			mainGroup = 84E6A5FD2A63DB1A002BC362;
			packageReferences = (
				84E6A6492A63DDDE002BC362 /* XCRemoteSwiftPackageReference "Alamofire" */,
				84E6A64C2A63DDF7002BC362 /* XCRemoteSwiftPackageReference "AlamofireImage" */,
			);
			productRefGroup = 84E6A6072A63DB1A002BC362 /* Products */;
			projectDirPath = "";
			projectRoot = "";
			targets = (
				84E6A6052A63DB1A002BC362 /* MoviesPlus */,
				84E6A61B2A63DB1C002BC362 /* MoviesPlusTests */,
				84E6A6252A63DB1C002BC362 /* MoviesPlusUITests */,
			);
		};
/* End PBXProject section */

/* Begin PBXResourcesBuildPhase section */
		84E6A6042A63DB1A002BC362 /* Resources */ = {
			isa = PBXResourcesBuildPhase;
			buildActionMask = 2147483647;
			files = (
				84E6A6162A63DB1C002BC362 /* LaunchScreen.storyboard in Resources */,
				84E6A6132A63DB1C002BC362 /* Assets.xcassets in Resources */,
				84E6A6112A63DB1A002BC362 /* Main.storyboard in Resources */,
			);
			runOnlyForDeploymentPostprocessing = 0;
		};
		84E6A61A2A63DB1C002BC362 /* Resources */ = {
			isa = PBXResourcesBuildPhase;
			buildActionMask = 2147483647;
			files = (
			);
			runOnlyForDeploymentPostprocessing = 0;
		};
		84E6A6242A63DB1C002BC362 /* Resources */ = {
			isa = PBXResourcesBuildPhase;
			buildActionMask = 2147483647;
			files = (
			);
			runOnlyForDeploymentPostprocessing = 0;
		};
/* End PBXResourcesBuildPhase section */

/* Begin PBXSourcesBuildPhase section */
		84E6A6022A63DB1A002BC362 /* Sources */ = {
			isa = PBXSourcesBuildPhase;
			buildActionMask = 2147483647;
			files = (
				84E6A6482A63DDB3002BC362 /* ApiConstants.swift in Sources */,
				84E6A6472A63DDB3002BC362 /* ApiException.swift in Sources */,
				84E6A60E2A63DB1A002BC362 /* ViewController.swift in Sources */,
				84E6A60A2A63DB1A002BC362 /* AppDelegate.swift in Sources */,
				84E6A6442A63DDB3002BC362 /* ApiClient.swift in Sources */,
				84E6A6462A63DDB3002BC362 /* ApiStatusCode.swift in Sources */,
				84E6A6452A63DDB3002BC362 /* ApiRouterContract.swift in Sources */,
				84E6A6512A63E018002BC362 /* DictionaryExtension.swift in Sources */,
				84E6A6542A63E2E5002BC362 /* Bindable.swift in Sources */,
			);
			runOnlyForDeploymentPostprocessing = 0;
		};
		84E6A6182A63DB1C002BC362 /* Sources */ = {
			isa = PBXSourcesBuildPhase;
			buildActionMask = 2147483647;
			files = (
				84E6A6212A63DB1C002BC362 /* MoviesPlusTests.swift in Sources */,
			);
			runOnlyForDeploymentPostprocessing = 0;
		};
		84E6A6222A63DB1C002BC362 /* Sources */ = {
			isa = PBXSourcesBuildPhase;
			buildActionMask = 2147483647;
			files = (
				84E6A62B2A63DB1C002BC362 /* MoviesPlusUITests.swift in Sources */,
				84E6A62D2A63DB1C002BC362 /* MoviesPlusUITestsLaunchTests.swift in Sources */,
			);
			runOnlyForDeploymentPostprocessing = 0;
		};
/* End PBXSourcesBuildPhase section */

/* Begin PBXTargetDependency section */
		84E6A61E2A63DB1C002BC362 /* PBXTargetDependency */ = {
			isa = PBXTargetDependency;
			target = 84E6A6052A63DB1A002BC362 /* MoviesPlus */;
			targetProxy = 84E6A61D2A63DB1C002BC362 /* PBXContainerItemProxy */;
		};
		84E6A6282A63DB1C002BC362 /* PBXTargetDependency */ = {
			isa = PBXTargetDependency;
			target = 84E6A6052A63DB1A002BC362 /* MoviesPlus */;
			targetProxy = 84E6A6272A63DB1C002BC362 /* PBXContainerItemProxy */;
		};
/* End PBXTargetDependency section */

/* Begin PBXVariantGroup section */
		84E6A60F2A63DB1A002BC362 /* Main.storyboard */ = {
			isa = PBXVariantGroup;
			children = (
				84E6A6102A63DB1A002BC362 /* Base */,
			);
			name = Main.storyboard;
			sourceTree = "<group>";
		};
		84E6A6142A63DB1C002BC362 /* LaunchScreen.storyboard */ = {
			isa = PBXVariantGroup;
			children = (
				84E6A6152A63DB1C002BC362 /* Base */,
			);
			name = LaunchScreen.storyboard;
			sourceTree = "<group>";
		};
/* End PBXVariantGroup section */

/* Begin XCBuildConfiguration section */
		84E6A62E2A63DB1C002BC362 /* Debug */ = {
			isa = XCBuildConfiguration;
			buildSettings = {
				ALWAYS_SEARCH_USER_PATHS = NO;
				CLANG_ANALYZER_NONNULL = YES;
				CLANG_ANALYZER_NUMBER_OBJECT_CONVERSION = YES_AGGRESSIVE;
				CLANG_CXX_LANGUAGE_STANDARD = "gnu++20";
				CLANG_ENABLE_MODULES = YES;
				CLANG_ENABLE_OBJC_ARC = YES;
				CLANG_ENABLE_OBJC_WEAK = YES;
				CLANG_WARN_BLOCK_CAPTURE_AUTORELEASING = YES;
				CLANG_WARN_BOOL_CONVERSION = YES;
				CLANG_WARN_COMMA = YES;
				CLANG_WARN_CONSTANT_CONVERSION = YES;
				CLANG_WARN_DEPRECATED_OBJC_IMPLEMENTATIONS = YES;
				CLANG_WARN_DIRECT_OBJC_ISA_USAGE = YES_ERROR;
				CLANG_WARN_DOCUMENTATION_COMMENTS = YES;
				CLANG_WARN_EMPTY_BODY = YES;
				CLANG_WARN_ENUM_CONVERSION = YES;
				CLANG_WARN_INFINITE_RECURSION = YES;
				CLANG_WARN_INT_CONVERSION = YES;
				CLANG_WARN_NON_LITERAL_NULL_CONVERSION = YES;
				CLANG_WARN_OBJC_IMPLICIT_RETAIN_SELF = YES;
				CLANG_WARN_OBJC_LITERAL_CONVERSION = YES;
				CLANG_WARN_OBJC_ROOT_CLASS = YES_ERROR;
				CLANG_WARN_QUOTED_INCLUDE_IN_FRAMEWORK_HEADER = YES;
				CLANG_WARN_RANGE_LOOP_ANALYSIS = YES;
				CLANG_WARN_STRICT_PROTOTYPES = YES;
				CLANG_WARN_SUSPICIOUS_MOVE = YES;
				CLANG_WARN_UNGUARDED_AVAILABILITY = YES_AGGRESSIVE;
				CLANG_WARN_UNREACHABLE_CODE = YES;
				CLANG_WARN__DUPLICATE_METHOD_MATCH = YES;
				COPY_PHASE_STRIP = NO;
				DEBUG_INFORMATION_FORMAT = dwarf;
				ENABLE_STRICT_OBJC_MSGSEND = YES;
				ENABLE_TESTABILITY = YES;
				GCC_C_LANGUAGE_STANDARD = gnu11;
				GCC_DYNAMIC_NO_PIC = NO;
				GCC_NO_COMMON_BLOCKS = YES;
				GCC_OPTIMIZATION_LEVEL = 0;
				GCC_PREPROCESSOR_DEFINITIONS = (
					"DEBUG=1",
					"$(inherited)",
				);
				GCC_WARN_64_TO_32_BIT_CONVERSION = YES;
				GCC_WARN_ABOUT_RETURN_TYPE = YES_ERROR;
				GCC_WARN_UNDECLARED_SELECTOR = YES;
				GCC_WARN_UNINITIALIZED_AUTOS = YES_AGGRESSIVE;
				GCC_WARN_UNUSED_FUNCTION = YES;
				GCC_WARN_UNUSED_VARIABLE = YES;
				IPHONEOS_DEPLOYMENT_TARGET = 16.2;
				MTL_ENABLE_DEBUG_INFO = INCLUDE_SOURCE;
				MTL_FAST_MATH = YES;
				ONLY_ACTIVE_ARCH = YES;
				SDKROOT = iphoneos;
				SWIFT_ACTIVE_COMPILATION_CONDITIONS = DEBUG;
				SWIFT_OPTIMIZATION_LEVEL = "-Onone";
			};
			name = Debug;
		};
		84E6A62F2A63DB1C002BC362 /* Release */ = {
			isa = XCBuildConfiguration;
			buildSettings = {
				ALWAYS_SEARCH_USER_PATHS = NO;
				CLANG_ANALYZER_NONNULL = YES;
				CLANG_ANALYZER_NUMBER_OBJECT_CONVERSION = YES_AGGRESSIVE;
				CLANG_CXX_LANGUAGE_STANDARD = "gnu++20";
				CLANG_ENABLE_MODULES = YES;
				CLANG_ENABLE_OBJC_ARC = YES;
				CLANG_ENABLE_OBJC_WEAK = YES;
				CLANG_WARN_BLOCK_CAPTURE_AUTORELEASING = YES;
				CLANG_WARN_BOOL_CONVERSION = YES;
				CLANG_WARN_COMMA = YES;
				CLANG_WARN_CONSTANT_CONVERSION = YES;
				CLANG_WARN_DEPRECATED_OBJC_IMPLEMENTATIONS = YES;
				CLANG_WARN_DIRECT_OBJC_ISA_USAGE = YES_ERROR;
				CLANG_WARN_DOCUMENTATION_COMMENTS = YES;
				CLANG_WARN_EMPTY_BODY = YES;
				CLANG_WARN_ENUM_CONVERSION = YES;
				CLANG_WARN_INFINITE_RECURSION = YES;
				CLANG_WARN_INT_CONVERSION = YES;
				CLANG_WARN_NON_LITERAL_NULL_CONVERSION = YES;
				CLANG_WARN_OBJC_IMPLICIT_RETAIN_SELF = YES;
				CLANG_WARN_OBJC_LITERAL_CONVERSION = YES;
				CLANG_WARN_OBJC_ROOT_CLASS = YES_ERROR;
				CLANG_WARN_QUOTED_INCLUDE_IN_FRAMEWORK_HEADER = YES;
				CLANG_WARN_RANGE_LOOP_ANALYSIS = YES;
				CLANG_WARN_STRICT_PROTOTYPES = YES;
				CLANG_WARN_SUSPICIOUS_MOVE = YES;
				CLANG_WARN_UNGUARDED_AVAILABILITY = YES_AGGRESSIVE;
				CLANG_WARN_UNREACHABLE_CODE = YES;
				CLANG_WARN__DUPLICATE_METHOD_MATCH = YES;
				COPY_PHASE_STRIP = NO;
				DEBUG_INFORMATION_FORMAT = "dwarf-with-dsym";
				ENABLE_NS_ASSERTIONS = NO;
				ENABLE_STRICT_OBJC_MSGSEND = YES;
				GCC_C_LANGUAGE_STANDARD = gnu11;
				GCC_NO_COMMON_BLOCKS = YES;
				GCC_WARN_64_TO_32_BIT_CONVERSION = YES;
				GCC_WARN_ABOUT_RETURN_TYPE = YES_ERROR;
				GCC_WARN_UNDECLARED_SELECTOR = YES;
				GCC_WARN_UNINITIALIZED_AUTOS = YES_AGGRESSIVE;
				GCC_WARN_UNUSED_FUNCTION = YES;
				GCC_WARN_UNUSED_VARIABLE = YES;
				IPHONEOS_DEPLOYMENT_TARGET = 16.2;
				MTL_ENABLE_DEBUG_INFO = NO;
				MTL_FAST_MATH = YES;
				SDKROOT = iphoneos;
				SWIFT_COMPILATION_MODE = wholemodule;
				SWIFT_OPTIMIZATION_LEVEL = "-O";
				VALIDATE_PRODUCT = YES;
			};
			name = Release;
		};
		84E6A6312A63DB1C002BC362 /* Debug */ = {
			isa = XCBuildConfiguration;
			buildSettings = {
				ASSETCATALOG_COMPILER_APPICON_NAME = AppIcon;
				ASSETCATALOG_COMPILER_GLOBAL_ACCENT_COLOR_NAME = AccentColor;
				CODE_SIGN_STYLE = Automatic;
				CURRENT_PROJECT_VERSION = 1;
				GENERATE_INFOPLIST_FILE = YES;
				INFOPLIST_FILE = MoviesPlus/Main/Info.plist;
				INFOPLIST_KEY_UIApplicationSupportsIndirectInputEvents = YES;
				INFOPLIST_KEY_UILaunchStoryboardName = LaunchScreen;
				INFOPLIST_KEY_UIMainStoryboardFile = Main;
				INFOPLIST_KEY_UISupportedInterfaceOrientations_iPad = "UIInterfaceOrientationPortrait UIInterfaceOrientationPortraitUpsideDown UIInterfaceOrientationLandscapeLeft UIInterfaceOrientationLandscapeRight";
				INFOPLIST_KEY_UISupportedInterfaceOrientations_iPhone = "UIInterfaceOrientationPortrait UIInterfaceOrientationLandscapeLeft UIInterfaceOrientationLandscapeRight";
				LD_RUNPATH_SEARCH_PATHS = (
					"$(inherited)",
					"@executable_path/Frameworks",
				);
				MARKETING_VERSION = 1.0;
				PRODUCT_BUNDLE_IDENTIFIER = com.HelloWorld.MoviesPlus;
				PRODUCT_NAME = "$(TARGET_NAME)";
				SWIFT_EMIT_LOC_STRINGS = YES;
				SWIFT_VERSION = 5.0;
				TARGETED_DEVICE_FAMILY = "1,2";
			};
			name = Debug;
		};
		84E6A6322A63DB1C002BC362 /* Release */ = {
			isa = XCBuildConfiguration;
			buildSettings = {
				ASSETCATALOG_COMPILER_APPICON_NAME = AppIcon;
				ASSETCATALOG_COMPILER_GLOBAL_ACCENT_COLOR_NAME = AccentColor;
				CODE_SIGN_STYLE = Automatic;
				CURRENT_PROJECT_VERSION = 1;
				GENERATE_INFOPLIST_FILE = YES;
				INFOPLIST_FILE = MoviesPlus/Main/Info.plist;
				INFOPLIST_KEY_UIApplicationSupportsIndirectInputEvents = YES;
				INFOPLIST_KEY_UILaunchStoryboardName = LaunchScreen;
				INFOPLIST_KEY_UIMainStoryboardFile = Main;
				INFOPLIST_KEY_UISupportedInterfaceOrientations_iPad = "UIInterfaceOrientationPortrait UIInterfaceOrientationPortraitUpsideDown UIInterfaceOrientationLandscapeLeft UIInterfaceOrientationLandscapeRight";
				INFOPLIST_KEY_UISupportedInterfaceOrientations_iPhone = "UIInterfaceOrientationPortrait UIInterfaceOrientationLandscapeLeft UIInterfaceOrientationLandscapeRight";
				LD_RUNPATH_SEARCH_PATHS = (
					"$(inherited)",
					"@executable_path/Frameworks",
				);
				MARKETING_VERSION = 1.0;
				PRODUCT_BUNDLE_IDENTIFIER = com.HelloWorld.MoviesPlus;
				PRODUCT_NAME = "$(TARGET_NAME)";
				SWIFT_EMIT_LOC_STRINGS = YES;
				SWIFT_VERSION = 5.0;
				TARGETED_DEVICE_FAMILY = "1,2";
			};
			name = Release;
		};
		84E6A6342A63DB1C002BC362 /* Debug */ = {
			isa = XCBuildConfiguration;
			buildSettings = {
				ALWAYS_EMBED_SWIFT_STANDARD_LIBRARIES = YES;
				BUNDLE_LOADER = "$(TEST_HOST)";
				CODE_SIGN_STYLE = Automatic;
				CURRENT_PROJECT_VERSION = 1;
				GENERATE_INFOPLIST_FILE = YES;
				IPHONEOS_DEPLOYMENT_TARGET = 16.2;
				MARKETING_VERSION = 1.0;
				PRODUCT_BUNDLE_IDENTIFIER = com.HelloWorld.MoviesPlusTests;
				PRODUCT_NAME = "$(TARGET_NAME)";
				SWIFT_EMIT_LOC_STRINGS = NO;
				SWIFT_VERSION = 5.0;
				TARGETED_DEVICE_FAMILY = "1,2";
				TEST_HOST = "$(BUILT_PRODUCTS_DIR)/MoviesPlus.app/$(BUNDLE_EXECUTABLE_FOLDER_PATH)/MoviesPlus";
			};
			name = Debug;
		};
		84E6A6352A63DB1C002BC362 /* Release */ = {
			isa = XCBuildConfiguration;
			buildSettings = {
				ALWAYS_EMBED_SWIFT_STANDARD_LIBRARIES = YES;
				BUNDLE_LOADER = "$(TEST_HOST)";
				CODE_SIGN_STYLE = Automatic;
				CURRENT_PROJECT_VERSION = 1;
				GENERATE_INFOPLIST_FILE = YES;
				IPHONEOS_DEPLOYMENT_TARGET = 16.2;
				MARKETING_VERSION = 1.0;
				PRODUCT_BUNDLE_IDENTIFIER = com.HelloWorld.MoviesPlusTests;
				PRODUCT_NAME = "$(TARGET_NAME)";
				SWIFT_EMIT_LOC_STRINGS = NO;
				SWIFT_VERSION = 5.0;
				TARGETED_DEVICE_FAMILY = "1,2";
				TEST_HOST = "$(BUILT_PRODUCTS_DIR)/MoviesPlus.app/$(BUNDLE_EXECUTABLE_FOLDER_PATH)/MoviesPlus";
			};
			name = Release;
		};
		84E6A6372A63DB1C002BC362 /* Debug */ = {
			isa = XCBuildConfiguration;
			buildSettings = {
				ALWAYS_EMBED_SWIFT_STANDARD_LIBRARIES = YES;
				CODE_SIGN_STYLE = Automatic;
				CURRENT_PROJECT_VERSION = 1;
				GENERATE_INFOPLIST_FILE = YES;
				MARKETING_VERSION = 1.0;
				PRODUCT_BUNDLE_IDENTIFIER = com.HelloWorld.MoviesPlusUITests;
				PRODUCT_NAME = "$(TARGET_NAME)";
				SWIFT_EMIT_LOC_STRINGS = NO;
				SWIFT_VERSION = 5.0;
				TARGETED_DEVICE_FAMILY = "1,2";
				TEST_TARGET_NAME = MoviesPlus;
			};
			name = Debug;
		};
		84E6A6382A63DB1C002BC362 /* Release */ = {
			isa = XCBuildConfiguration;
			buildSettings = {
				ALWAYS_EMBED_SWIFT_STANDARD_LIBRARIES = YES;
				CODE_SIGN_STYLE = Automatic;
				CURRENT_PROJECT_VERSION = 1;
				GENERATE_INFOPLIST_FILE = YES;
				MARKETING_VERSION = 1.0;
				PRODUCT_BUNDLE_IDENTIFIER = com.HelloWorld.MoviesPlusUITests;
				PRODUCT_NAME = "$(TARGET_NAME)";
				SWIFT_EMIT_LOC_STRINGS = NO;
				SWIFT_VERSION = 5.0;
				TARGETED_DEVICE_FAMILY = "1,2";
				TEST_TARGET_NAME = MoviesPlus;
			};
			name = Release;
		};
/* End XCBuildConfiguration section */

/* Begin XCConfigurationList section */
		84E6A6012A63DB1A002BC362 /* Build configuration list for PBXProject "MoviesPlus" */ = {
			isa = XCConfigurationList;
			buildConfigurations = (
				84E6A62E2A63DB1C002BC362 /* Debug */,
				84E6A62F2A63DB1C002BC362 /* Release */,
			);
			defaultConfigurationIsVisible = 0;
			defaultConfigurationName = Release;
		};
		84E6A6302A63DB1C002BC362 /* Build configuration list for PBXNativeTarget "MoviesPlus" */ = {
			isa = XCConfigurationList;
			buildConfigurations = (
				84E6A6312A63DB1C002BC362 /* Debug */,
				84E6A6322A63DB1C002BC362 /* Release */,
			);
			defaultConfigurationIsVisible = 0;
			defaultConfigurationName = Release;
		};
		84E6A6332A63DB1C002BC362 /* Build configuration list for PBXNativeTarget "MoviesPlusTests" */ = {
			isa = XCConfigurationList;
			buildConfigurations = (
				84E6A6342A63DB1C002BC362 /* Debug */,
				84E6A6352A63DB1C002BC362 /* Release */,
			);
			defaultConfigurationIsVisible = 0;
			defaultConfigurationName = Release;
		};
		84E6A6362A63DB1C002BC362 /* Build configuration list for PBXNativeTarget "MoviesPlusUITests" */ = {
			isa = XCConfigurationList;
			buildConfigurations = (
				84E6A6372A63DB1C002BC362 /* Debug */,
				84E6A6382A63DB1C002BC362 /* Release */,
			);
			defaultConfigurationIsVisible = 0;
			defaultConfigurationName = Release;
		};
/* End XCConfigurationList section */

/* Begin XCRemoteSwiftPackageReference section */
		84E6A6492A63DDDE002BC362 /* XCRemoteSwiftPackageReference "Alamofire" */ = {
			isa = XCRemoteSwiftPackageReference;
			repositoryURL = "https://github.com/Alamofire/Alamofire.git";
			requirement = {
				kind = upToNextMajorVersion;
				minimumVersion = 5.0.0;
			};
		};
		84E6A64C2A63DDF7002BC362 /* XCRemoteSwiftPackageReference "AlamofireImage" */ = {
			isa = XCRemoteSwiftPackageReference;
			repositoryURL = "https://github.com/Alamofire/AlamofireImage.git";
			requirement = {
				kind = upToNextMajorVersion;
				minimumVersion = 4.0.0;
			};
		};
/* End XCRemoteSwiftPackageReference section */

/* Begin XCSwiftPackageProductDependency section */
		84E6A64A2A63DDDE002BC362 /* Alamofire */ = {
			isa = XCSwiftPackageProductDependency;
			package = 84E6A6492A63DDDE002BC362 /* XCRemoteSwiftPackageReference "Alamofire" */;
			productName = Alamofire;
		};
		84E6A64D2A63DDF7002BC362 /* AlamofireImage */ = {
			isa = XCSwiftPackageProductDependency;
			package = 84E6A64C2A63DDF7002BC362 /* XCRemoteSwiftPackageReference "AlamofireImage" */;
			productName = AlamofireImage;
		};
/* End XCSwiftPackageProductDependency section */
	};
	rootObject = 84E6A5FE2A63DB1A002BC362 /* Project object */;
}
